
Microsoft Visual Studio Solution File, Format Version 12.00
# Visual Studio 15
VisualStudioVersion = 15.0.28010.2046
MinimumVisualStudioVersion = 10.0.40219.1
Project("{2150E333-8FDC-42A3-9474-1A3956D46DE8}") = "test", "test", "{E4F6A562-16A3-4B4C-B388-84A80284F61D}"
EndProject
Project("{2150E333-8FDC-42A3-9474-1A3956D46DE8}") = "core", "core", "{CE391507-2156-4CFE-8E92-E78D2E90E2DC}"
EndProject
Project("{2150E333-8FDC-42A3-9474-1A3956D46DE8}") = "src", "src", "{E07A823E-D231-479A-8F3A-6B1D51D8D9A4}"
EndProject
Project("{9A19103F-16F7-4668-BE54-9A1E7A4F7556}") = "Dvictory.Domain.SeedWork", "core\ddd\Dvictory.Domain.SeedWork\Dvictory.Domain.SeedWork.csproj", "{752AED93-CFBE-475A-B76E-45590A0ACF97}"
EndProject
Project("{9A19103F-16F7-4668-BE54-9A1E7A4F7556}") = "Dvictory.Infrastructure.SeedWork", "core\ddd\Dvictory.Infrastructure.SeedWork\Dvictory.Infrastructure.SeedWork.csproj", "{2AD3964D-AE41-4257-82FE-516F2D280E96}"
EndProject
Project("{2150E333-8FDC-42A3-9474-1A3956D46DE8}") = "ddd", "ddd", "{2E852676-658B-4C01-B68A-11B1050F214E}"
EndProject
Project("{9A19103F-16F7-4668-BE54-9A1E7A4F7556}") = "Dvictory.Application.SeedWork", "core\ddd\Dvictory.Application.SeedWork\Dvictory.Application.SeedWork.csproj", "{38002494-5A64-4C29-A902-CE7F5BC0AF58}"
EndProject
Project("{2150E333-8FDC-42A3-9474-1A3956D46DE8}") = "Services", "Services", "{E8748912-ECCC-4BD3-A644-F3BBB6962551}"
EndProject
Project("{9A19103F-16F7-4668-BE54-9A1E7A4F7556}") = "Identity.API", "src\services\Identity.API\Identity.API.csproj", "{11EE510C-B8CA-44D8-923C-71A4DD39DF1F}"
EndProject
Project("{9A19103F-16F7-4668-BE54-9A1E7A4F7556}") = "API.Customization", "core\API.Customization\API.Customization.csproj", "{04605FA5-C7C8-42C5-A1CA-5E6AC27C1945}"
EndProject
Project("{2150E333-8FDC-42A3-9474-1A3956D46DE8}") = "experiment", "experiment", "{6AFDE902-597D-4D4C-94E1-772CB3A2DED7}"
EndProject
Project("{2150E333-8FDC-42A3-9474-1A3956D46DE8}") = "IdentityServer Client Credentials", "IdentityServer Client Credentials", "{685063CB-B7F8-4B6A-84CC-4C81DE551B57}"
EndProject
Project("{9A19103F-16F7-4668-BE54-9A1E7A4F7556}") = "IdentityServer", "experiment\IdentityServer Client Credentials\IdentityServer\IdentityServer.csproj", "{6A591DBD-5EAE-4A98-970E-494CF054B05C}"
EndProject
Project("{9A19103F-16F7-4668-BE54-9A1E7A4F7556}") = "API", "experiment\IdentityServer Client Credentials\API\API.csproj", "{9CBD4A6E-9D22-4DF5-89EE-83650632B95C}"
EndProject
Project("{9A19103F-16F7-4668-BE54-9A1E7A4F7556}") = "Client", "experiment\IdentityServer Client Credentials\Client\Client.csproj", "{3324B9C2-2F67-440B-8DF1-CCD0853959C2}"
EndProject
Project("{2150E333-8FDC-42A3-9474-1A3956D46DE8}") = "IdentityServer PassWord Credentials", "IdentityServer PassWord Credentials", "{4255E79F-2C24-43F8-85C8-B7C14A373D99}"
EndProject
Project("{9A19103F-16F7-4668-BE54-9A1E7A4F7556}") = "IdentityServer", "experiment\IdentityServer PassWord Credentials\IdentityServer\IdentityServer.csproj", "{D9296FBC-0892-4D21-9F77-DBB0237352A0}"
EndProject
Project("{9A19103F-16F7-4668-BE54-9A1E7A4F7556}") = "API", "experiment\IdentityServer PassWord Credentials\API\API.csproj", "{2952694E-7519-4647-965F-262C081C3148}"
EndProject
Project("{9A19103F-16F7-4668-BE54-9A1E7A4F7556}") = "Client", "experiment\IdentityServer PassWord Credentials\Client\Client.csproj", "{08F2CC75-2092-483B-93A0-BD820161E81C}"
EndProject
Project("{2150E333-8FDC-42A3-9474-1A3956D46DE8}") = "IdentityServer Openid Connect Credentials", "IdentityServer Openid Connect Credentials", "{1064926F-39DA-449D-8A16-EE2BA2B02E31}"
EndProject
Project("{9A19103F-16F7-4668-BE54-9A1E7A4F7556}") = "IdentityServer2", "experiment\IdentityServer Openid Connect Credentials\IdentityServer2\IdentityServer2.csproj", "{F5280D7C-8C96-4089-BEDC-4F5467143AA2}"
EndProject
Project("{9A19103F-16F7-4668-BE54-9A1E7A4F7556}") = "MVC", "experiment\IdentityServer Openid Connect Credentials\MVC\MVC.csproj", "{68D8D36D-B063-4289-9235-9BDE7BF3879C}"
EndProject
Project("{FAE04EC0-301F-11D3-BF4B-00C04F79EFBC}") = "IdentityServer", "src\services\IdentityServer\IdentityServer.csproj", "{A5BCDEAC-2947-44A9-869D-08559D87CAEE}"
EndProject
Global
	GlobalSection(SolutionConfigurationPlatforms) = preSolution
		Debug|Any CPU = Debug|Any CPU
		Release|Any CPU = Release|Any CPU
	EndGlobalSection
	GlobalSection(ProjectConfigurationPlatforms) = postSolution
		{752AED93-CFBE-475A-B76E-45590A0ACF97}.Debug|Any CPU.ActiveCfg = Debug|Any CPU
		{752AED93-CFBE-475A-B76E-45590A0ACF97}.Debug|Any CPU.Build.0 = Debug|Any CPU
		{752AED93-CFBE-475A-B76E-45590A0ACF97}.Release|Any CPU.ActiveCfg = Release|Any CPU
		{752AED93-CFBE-475A-B76E-45590A0ACF97}.Release|Any CPU.Build.0 = Release|Any CPU
		{2AD3964D-AE41-4257-82FE-516F2D280E96}.Debug|Any CPU.ActiveCfg = Debug|Any CPU
		{2AD3964D-AE41-4257-82FE-516F2D280E96}.Debug|Any CPU.Build.0 = Debug|Any CPU
		{2AD3964D-AE41-4257-82FE-516F2D280E96}.Release|Any CPU.ActiveCfg = Release|Any CPU
		{2AD3964D-AE41-4257-82FE-516F2D280E96}.Release|Any CPU.Build.0 = Release|Any CPU
		{38002494-5A64-4C29-A902-CE7F5BC0AF58}.Debug|Any CPU.ActiveCfg = Debug|Any CPU
		{38002494-5A64-4C29-A902-CE7F5BC0AF58}.Debug|Any CPU.Build.0 = Debug|Any CPU
		{38002494-5A64-4C29-A902-CE7F5BC0AF58}.Release|Any CPU.ActiveCfg = Release|Any CPU
		{38002494-5A64-4C29-A902-CE7F5BC0AF58}.Release|Any CPU.Build.0 = Release|Any CPU
		{11EE510C-B8CA-44D8-923C-71A4DD39DF1F}.Debug|Any CPU.ActiveCfg = Debug|Any CPU
		{11EE510C-B8CA-44D8-923C-71A4DD39DF1F}.Debug|Any CPU.Build.0 = Debug|Any CPU
		{11EE510C-B8CA-44D8-923C-71A4DD39DF1F}.Release|Any CPU.ActiveCfg = Release|Any CPU
		{11EE510C-B8CA-44D8-923C-71A4DD39DF1F}.Release|Any CPU.Build.0 = Release|Any CPU
		{04605FA5-C7C8-42C5-A1CA-5E6AC27C1945}.Debug|Any CPU.ActiveCfg = Debug|Any CPU
		{04605FA5-C7C8-42C5-A1CA-5E6AC27C1945}.Debug|Any CPU.Build.0 = Debug|Any CPU
		{04605FA5-C7C8-42C5-A1CA-5E6AC27C1945}.Release|Any CPU.ActiveCfg = Release|Any CPU
		{04605FA5-C7C8-42C5-A1CA-5E6AC27C1945}.Release|Any CPU.Build.0 = Release|Any CPU
		{6A591DBD-5EAE-4A98-970E-494CF054B05C}.Debug|Any CPU.ActiveCfg = Debug|Any CPU
		{6A591DBD-5EAE-4A98-970E-494CF054B05C}.Debug|Any CPU.Build.0 = Debug|Any CPU
		{6A591DBD-5EAE-4A98-970E-494CF054B05C}.Release|Any CPU.ActiveCfg = Release|Any CPU
		{6A591DBD-5EAE-4A98-970E-494CF054B05C}.Release|Any CPU.Build.0 = Release|Any CPU
		{9CBD4A6E-9D22-4DF5-89EE-83650632B95C}.Debug|Any CPU.ActiveCfg = Debug|Any CPU
		{9CBD4A6E-9D22-4DF5-89EE-83650632B95C}.Debug|Any CPU.Build.0 = Debug|Any CPU
		{9CBD4A6E-9D22-4DF5-89EE-83650632B95C}.Release|Any CPU.ActiveCfg = Release|Any CPU
		{9CBD4A6E-9D22-4DF5-89EE-83650632B95C}.Release|Any CPU.Build.0 = Release|Any CPU
		{3324B9C2-2F67-440B-8DF1-CCD0853959C2}.Debug|Any CPU.ActiveCfg = Debug|Any CPU
		{3324B9C2-2F67-440B-8DF1-CCD0853959C2}.Debug|Any CPU.Build.0 = Debug|Any CPU
		{3324B9C2-2F67-440B-8DF1-CCD0853959C2}.Release|Any CPU.ActiveCfg = Release|Any CPU
		{3324B9C2-2F67-440B-8DF1-CCD0853959C2}.Release|Any CPU.Build.0 = Release|Any CPU
		{D9296FBC-0892-4D21-9F77-DBB0237352A0}.Debug|Any CPU.ActiveCfg = Debug|Any CPU
		{D9296FBC-0892-4D21-9F77-DBB0237352A0}.Debug|Any CPU.Build.0 = Debug|Any CPU
		{D9296FBC-0892-4D21-9F77-DBB0237352A0}.Release|Any CPU.ActiveCfg = Release|Any CPU
		{D9296FBC-0892-4D21-9F77-DBB0237352A0}.Release|Any CPU.Build.0 = Release|Any CPU
		{2952694E-7519-4647-965F-262C081C3148}.Debug|Any CPU.ActiveCfg = Debug|Any CPU
		{2952694E-7519-4647-965F-262C081C3148}.Debug|Any CPU.Build.0 = Debug|Any CPU
		{2952694E-7519-4647-965F-262C081C3148}.Release|Any CPU.ActiveCfg = Release|Any CPU
		{2952694E-7519-4647-965F-262C081C3148}.Release|Any CPU.Build.0 = Release|Any CPU
		{08F2CC75-2092-483B-93A0-BD820161E81C}.Debug|Any CPU.ActiveCfg = Debug|Any CPU
		{08F2CC75-2092-483B-93A0-BD820161E81C}.Debug|Any CPU.Build.0 = Debug|Any CPU
		{08F2CC75-2092-483B-93A0-BD820161E81C}.Release|Any CPU.ActiveCfg = Release|Any CPU
		{08F2CC75-2092-483B-93A0-BD820161E81C}.Release|Any CPU.Build.0 = Release|Any CPU
		{F5280D7C-8C96-4089-BEDC-4F5467143AA2}.Debug|Any CPU.ActiveCfg = Debug|Any CPU
		{F5280D7C-8C96-4089-BEDC-4F5467143AA2}.Debug|Any CPU.Build.0 = Debug|Any CPU
		{F5280D7C-8C96-4089-BEDC-4F5467143AA2}.Release|Any CPU.ActiveCfg = Release|Any CPU
		{F5280D7C-8C96-4089-BEDC-4F5467143AA2}.Release|Any CPU.Build.0 = Release|Any CPU
		{68D8D36D-B063-4289-9235-9BDE7BF3879C}.Debug|Any CPU.ActiveCfg = Debug|Any CPU
		{68D8D36D-B063-4289-9235-9BDE7BF3879C}.Debug|Any CPU.Build.0 = Debug|Any CPU
		{68D8D36D-B063-4289-9235-9BDE7BF3879C}.Release|Any CPU.ActiveCfg = Release|Any CPU
		{68D8D36D-B063-4289-9235-9BDE7BF3879C}.Release|Any CPU.Build.0 = Release|Any CPU
		{A5BCDEAC-2947-44A9-869D-08559D87CAEE}.Debug|Any CPU.ActiveCfg = Debug|Any CPU
		{A5BCDEAC-2947-44A9-869D-08559D87CAEE}.Debug|Any CPU.Build.0 = Debug|Any CPU
		{A5BCDEAC-2947-44A9-869D-08559D87CAEE}.Release|Any CPU.ActiveCfg = Release|Any CPU
		{A5BCDEAC-2947-44A9-869D-08559D87CAEE}.Release|Any CPU.Build.0 = Release|Any CPU
	EndGlobalSection
	GlobalSection(SolutionProperties) = preSolution
		HideSolutionNode = FALSE
	EndGlobalSection
	GlobalSection(NestedProjects) = preSolution
		{752AED93-CFBE-475A-B76E-45590A0ACF97} = {2E852676-658B-4C01-B68A-11B1050F214E}
		{2AD3964D-AE41-4257-82FE-516F2D280E96} = {2E852676-658B-4C01-B68A-11B1050F214E}
		{2E852676-658B-4C01-B68A-11B1050F214E} = {CE391507-2156-4CFE-8E92-E78D2E90E2DC}
		{38002494-5A64-4C29-A902-CE7F5BC0AF58} = {2E852676-658B-4C01-B68A-11B1050F214E}
		{E8748912-ECCC-4BD3-A644-F3BBB6962551} = {E07A823E-D231-479A-8F3A-6B1D51D8D9A4}
		{11EE510C-B8CA-44D8-923C-71A4DD39DF1F} = {E8748912-ECCC-4BD3-A644-F3BBB6962551}
		{04605FA5-C7C8-42C5-A1CA-5E6AC27C1945} = {CE391507-2156-4CFE-8E92-E78D2E90E2DC}
		{685063CB-B7F8-4B6A-84CC-4C81DE551B57} = {6AFDE902-597D-4D4C-94E1-772CB3A2DED7}
		{6A591DBD-5EAE-4A98-970E-494CF054B05C} = {685063CB-B7F8-4B6A-84CC-4C81DE551B57}
		{9CBD4A6E-9D22-4DF5-89EE-83650632B95C} = {685063CB-B7F8-4B6A-84CC-4C81DE551B57}
		{3324B9C2-2F67-440B-8DF1-CCD0853959C2} = {685063CB-B7F8-4B6A-84CC-4C81DE551B57}
		{4255E79F-2C24-43F8-85C8-B7C14A373D99} = {6AFDE902-597D-4D4C-94E1-772CB3A2DED7}
		{D9296FBC-0892-4D21-9F77-DBB0237352A0} = {4255E79F-2C24-43F8-85C8-B7C14A373D99}
		{2952694E-7519-4647-965F-262C081C3148} = {4255E79F-2C24-43F8-85C8-B7C14A373D99}
		{08F2CC75-2092-483B-93A0-BD820161E81C} = {4255E79F-2C24-43F8-85C8-B7C14A373D99}
		{1064926F-39DA-449D-8A16-EE2BA2B02E31} = {6AFDE902-597D-4D4C-94E1-772CB3A2DED7}
		{F5280D7C-8C96-4089-BEDC-4F5467143AA2} = {1064926F-39DA-449D-8A16-EE2BA2B02E31}
		{68D8D36D-B063-4289-9235-9BDE7BF3879C} = {1064926F-39DA-449D-8A16-EE2BA2B02E31}
		{A5BCDEAC-2947-44A9-869D-08559D87CAEE} = {E8748912-ECCC-4BD3-A644-F3BBB6962551}
	EndGlobalSection
	GlobalSection(ExtensibilityGlobals) = postSolution
		SolutionGuid = {1DD22C5A-F992-4A7D-A69D-68B4659D3430}
	EndGlobalSection
EndGlobal
